
Microsoft Visual Studio Solution File, Format Version 12.00
# Visual Studio Version 17
VisualStudioVersion = 17.3.32901.215
MinimumVisualStudioVersion = 10.0.40219.1
Project("{FAE04EC0-301F-11D3-BF4B-00C04F79EFBC}") = "WindowsFormsApp2", "WindowsFormsApp2.csproj", "{07D99FBB-8EBF-4BFB-B9B2-D4998D5852A2}"
EndProject
Global
	GlobalSection(SolutionConfigurationPlatforms) = preSolution
		Debug|Any CPU = Debug|Any CPU
		Release|Any CPU = Release|Any CPU
	EndGlobalSection
	GlobalSection(ProjectConfigurationPlatforms) = postSolution
		{07D99FBB-8EBF-4BFB-B9B2-D4998D5852A2}.Debug|Any CPU.ActiveCfg = Debug|Any CPU
		{07D99FBB-8EBF-4BFB-B9B2-D4998D5852A2}.Debug|Any CPU.Build.0 = Debug|Any CPU
		{07D99FBB-8EBF-4BFB-B9B2-D4998D5852A2}.Release|Any CPU.ActiveCfg = Release|Any CPU
		{07D99FBB-8EBF-4BFB-B9B2-D4998D5852A2}.Release|Any CPU.Build.0 = Release|Any CPU
	EndGlobalSection
	GlobalSection(SolutionProperties) = preSolution
		HideSolutionNode = FALSE
	EndGlobalSection
	GlobalSection(ExtensibilityGlobals) = postSolution
		SolutionGuid = {1B04FD8C-77C6-486A-A4CF-1950E296DBEE}
	EndGlobalSection
EndGlobal
